
Microsoft Visual Studio Solution File, Format Version 12.00
# Visual Studio Version 16
VisualStudioVersion = 16.0.31313.79
MinimumVisualStudioVersion = 10.0.40219.1
Project("{FAE04EC0-301F-11D3-BF4B-00C04F79EFBC}") = "LeaveApp.Web", "LeaveApp.Web\LeaveApp.Web.csproj", "{B92D4B76-12CC-4579-A3D9-2ED23DE1494F}"
EndProject
Project("{FAE04EC0-301F-11D3-BF4B-00C04F79EFBC}") = "LeaveApp.API", "LeaveApp.API\LeaveApp.API.csproj", "{97086FCE-A3FE-478E-98B8-8D8AECF22DA8}"
EndProject
Project("{FAE04EC0-301F-11D3-BF4B-00C04F79EFBC}") = "LeaveApp.Core", "LeaveApp.Core\LeaveApp.Core.csproj", "{2BFC0389-9949-4846-AA4F-7C96F22766FD}"
EndProject
Project("{FAE04EC0-301F-11D3-BF4B-00C04F79EFBC}") = "LeaveApp.Data", "LeaveApp.Data\LeaveApp.Data.csproj", "{A169CF4E-BAB4-4BA7-A67F-03CA364037AA}"
EndProject
Project("{FAE04EC0-301F-11D3-BF4B-00C04F79EFBC}") = "LeaveApp.Service", "LeaveApp.Service\LeaveApp.Service.csproj", "{25F715DD-BE0C-402F-A9B9-0FF7FB27CF95}"
EndProject
Global
	GlobalSection(SolutionConfigurationPlatforms) = preSolution
		Debug|Any CPU = Debug|Any CPU
		Release|Any CPU = Release|Any CPU
	EndGlobalSection
	GlobalSection(ProjectConfigurationPlatforms) = postSolution
		{B92D4B76-12CC-4579-A3D9-2ED23DE1494F}.Debug|Any CPU.ActiveCfg = Debug|Any CPU
		{B92D4B76-12CC-4579-A3D9-2ED23DE1494F}.Debug|Any CPU.Build.0 = Debug|Any CPU
		{B92D4B76-12CC-4579-A3D9-2ED23DE1494F}.Release|Any CPU.ActiveCfg = Release|Any CPU
		{B92D4B76-12CC-4579-A3D9-2ED23DE1494F}.Release|Any CPU.Build.0 = Release|Any CPU
		{97086FCE-A3FE-478E-98B8-8D8AECF22DA8}.Debug|Any CPU.ActiveCfg = Debug|Any CPU
		{97086FCE-A3FE-478E-98B8-8D8AECF22DA8}.Debug|Any CPU.Build.0 = Debug|Any CPU
		{97086FCE-A3FE-478E-98B8-8D8AECF22DA8}.Release|Any CPU.ActiveCfg = Release|Any CPU
		{97086FCE-A3FE-478E-98B8-8D8AECF22DA8}.Release|Any CPU.Build.0 = Release|Any CPU
		{2BFC0389-9949-4846-AA4F-7C96F22766FD}.Debug|Any CPU.ActiveCfg = Debug|Any CPU
		{2BFC0389-9949-4846-AA4F-7C96F22766FD}.Debug|Any CPU.Build.0 = Debug|Any CPU
		{2BFC0389-9949-4846-AA4F-7C96F22766FD}.Release|Any CPU.ActiveCfg = Release|Any CPU
		{2BFC0389-9949-4846-AA4F-7C96F22766FD}.Release|Any CPU.Build.0 = Release|Any CPU
		{A169CF4E-BAB4-4BA7-A67F-03CA364037AA}.Debug|Any CPU.ActiveCfg = Debug|Any CPU
		{A169CF4E-BAB4-4BA7-A67F-03CA364037AA}.Debug|Any CPU.Build.0 = Debug|Any CPU
		{A169CF4E-BAB4-4BA7-A67F-03CA364037AA}.Release|Any CPU.ActiveCfg = Release|Any CPU
		{A169CF4E-BAB4-4BA7-A67F-03CA364037AA}.Release|Any CPU.Build.0 = Release|Any CPU
		{25F715DD-BE0C-402F-A9B9-0FF7FB27CF95}.Debug|Any CPU.ActiveCfg = Debug|Any CPU
		{25F715DD-BE0C-402F-A9B9-0FF7FB27CF95}.Debug|Any CPU.Build.0 = Debug|Any CPU
		{25F715DD-BE0C-402F-A9B9-0FF7FB27CF95}.Release|Any CPU.ActiveCfg = Release|Any CPU
		{25F715DD-BE0C-402F-A9B9-0FF7FB27CF95}.Release|Any CPU.Build.0 = Release|Any CPU
	EndGlobalSection
	GlobalSection(SolutionProperties) = preSolution
		HideSolutionNode = FALSE
	EndGlobalSection
	GlobalSection(ExtensibilityGlobals) = postSolution
		SolutionGuid = {9AA3048C-D8E1-4274-9CEE-EC9C15B2A793}
	EndGlobalSection
EndGlobal
